{
  "version": 4,
  "terraform_version": "1.1.9",
  "serial": 29,
  "lineage": "9a587635-0d8f-d0d8-24f8-d679ad93a163",
  "outputs": {
    "key_id": {
      "value": "ed608bcc-a892-448d-aa33-11ee0167ece6",
      "type": "string"
    },
    "primary_shared_key": {
      "value": "OmCS6OxSmvid7GL1l48w4onIkNclgI37Z2QMuA12hXPXN7YsLLxcug866K5ZW5zLFtbGzEcOPhPnhBqSbMEC/g==",
      "type": "string",
      "sensitive": true
    },
    "secondary_shared_key": {
      "value": "aB+SWjzc2c4zovdf2vrcSHK/cX3zu0nhi3Oki/pUTF9rdHrKXqWjacnvAgmogLYHOqchRBrM6c6GWCYaMtcaxg==",
      "type": "string",
      "sensitive": true
    },
    "value": {
      "value": "-dP7Q~IpY1aBoa.HF53AHILNRa8E2EtqKoZ~l",
      "type": "string",
      "sensitive": true
    },
    "workspace_id": {
      "value": "7756814b-7720-4b6d-9fb6-0aa03fe97658",
      "type": "string"
    }
  },
  "resources": [
    {
      "mode": "managed",
      "type": "azurerm_resource_group",
      "name": "rvrlogging",
      "provider": "provider[\"registry.terraform.io/hashicorp/azurerm\"]",
      "instances": [
        {
          "schema_version": 0,
          "attributes": {
            "id": "/subscriptions/1cf68e52-3db2-4412-9a55-54a79c2aaccf/resourceGroups/rvrlogging",
            "location": "westeurope",
            "name": "rvrlogging",
            "tags": {
              "LifeCycle": "test"
            },
            "timeouts": null
          },
          "sensitive_attributes": [],
          "private": "eyJlMmJmYjczMC1lY2FhLTExZTYtOGY4OC0zNDM2M2JjN2M0YzAiOnsiY3JlYXRlIjo1NDAwMDAwMDAwMDAwLCJkZWxldGUiOjU0MDAwMDAwMDAwMDAsInJlYWQiOjMwMDAwMDAwMDAwMCwidXBkYXRlIjo1NDAwMDAwMDAwMDAwfX0="
        }
      ]
    },
    {
      "module": "module.log_analytics_workspace",
      "mode": "managed",
      "type": "azurerm_log_analytics_workspace",
      "name": "example",
      "provider": "provider[\"registry.terraform.io/hashicorp/azurerm\"]",
      "instances": [
        {
          "schema_version": 2,
          "attributes": {
            "daily_quota_gb": -1,
            "id": "/subscriptions/1cf68e52-3db2-4412-9a55-54a79c2aaccf/resourceGroups/rvrlogging/providers/Microsoft.OperationalInsights/workspaces/MyfirstLogAnalytics",
            "internet_ingestion_enabled": true,
            "internet_query_enabled": true,
            "location": "westeurope",
            "name": "MyfirstLogAnalytics",
            "primary_shared_key": "OmCS6OxSmvid7GL1l48w4onIkNclgI37Z2QMuA12hXPXN7YsLLxcug866K5ZW5zLFtbGzEcOPhPnhBqSbMEC/g==",
            "reservation_capacity_in_gb_per_day": null,
            "resource_group_name": "rvrlogging",
            "retention_in_days": 60,
            "secondary_shared_key": "aB+SWjzc2c4zovdf2vrcSHK/cX3zu0nhi3Oki/pUTF9rdHrKXqWjacnvAgmogLYHOqchRBrM6c6GWCYaMtcaxg==",
            "sku": "PerGB2018",
            "tags": {},
            "timeouts": null,
            "workspace_id": "7756814b-7720-4b6d-9fb6-0aa03fe97658"
          },
          "sensitive_attributes": [],
          "private": "eyJlMmJmYjczMC1lY2FhLTExZTYtOGY4OC0zNDM2M2JjN2M0YzAiOnsiY3JlYXRlIjoxODAwMDAwMDAwMDAwLCJkZWxldGUiOjE4MDAwMDAwMDAwMDAsInJlYWQiOjMwMDAwMDAwMDAwMCwidXBkYXRlIjoxODAwMDAwMDAwMDAwfSwic2NoZW1hX3ZlcnNpb24iOiIyIn0=",
          "dependencies": [
            "azurerm_resource_group.rvrlogging"
          ]
        }
      ]
    },
    {
      "module": "module.log_analytics_workspace_powerstatistics",
      "mode": "managed",
      "type": "azurerm_log_analytics_workspace",
      "name": "example",
      "provider": "provider[\"registry.terraform.io/hashicorp/azurerm\"]",
      "instances": [
        {
          "schema_version": 2,
          "attributes": {
            "daily_quota_gb": -1,
            "id": "/subscriptions/1cf68e52-3db2-4412-9a55-54a79c2aaccf/resourceGroups/rvrlogging/providers/Microsoft.OperationalInsights/workspaces/powerstatistics",
            "internet_ingestion_enabled": true,
            "internet_query_enabled": true,
            "location": "westeurope",
            "name": "powerstatistics",
            "primary_shared_key": "me5Z+ZVrLKEQhj4jfAQ2mF98agotuWjCLp3ParVFMI1gb4wtI+TTJjOSxL6TYPl8wnmX5cZmCfKrfH8g0WqLtA==",
            "reservation_capacity_in_gb_per_day": null,
            "resource_group_name": "rvrlogging",
            "retention_in_days": 730,
            "secondary_shared_key": "9zpt/XYAonX4/8VXvAWjsm+n6Y32EXWf6PRGojbV+IEraUiibr1EUG5CF+mDi6VD+jbXl+D78fdQK13l2jwYJg==",
            "sku": "PerGB2018",
            "tags": {},
            "timeouts": null,
            "workspace_id": "3a0a190a-6a40-48cf-aea1-ea4c4f026b9c"
          },
          "sensitive_attributes": [],
          "private": "eyJlMmJmYjczMC1lY2FhLTExZTYtOGY4OC0zNDM2M2JjN2M0YzAiOnsiY3JlYXRlIjoxODAwMDAwMDAwMDAwLCJkZWxldGUiOjE4MDAwMDAwMDAwMDAsInJlYWQiOjMwMDAwMDAwMDAwMCwidXBkYXRlIjoxODAwMDAwMDAwMDAwfSwic2NoZW1hX3ZlcnNpb24iOiIyIn0=",
          "dependencies": [
            "azurerm_resource_group.rvrlogging"
          ]
        }
      ]
    },
    {
      "module": "module.service_principal",
      "mode": "data",
      "type": "azuread_client_config",
      "name": "current",
      "provider": "provider[\"registry.terraform.io/hashicorp/azuread\"]",
      "instances": [
        {
          "schema_version": 0,
          "attributes": {
            "client_id": "04b07795-8ddb-461a-bbee-02f9e1bf7b46",
            "id": "83ebf573-f6a0-4a5a-a14e-323ba97ec356-04b07795-8ddb-461a-bbee-02f9e1bf7b46-b27d4aa5-7082-490c-9146-367e82036aaa",
            "object_id": "b27d4aa5-7082-490c-9146-367e82036aaa",
            "tenant_id": "83ebf573-f6a0-4a5a-a14e-323ba97ec356",
            "timeouts": null
          },
          "sensitive_attributes": []
        }
      ]
    },
    {
      "module": "module.service_principal",
      "mode": "managed",
      "type": "azuread_application",
      "name": "application",
      "provider": "provider[\"registry.terraform.io/hashicorp/azuread\"]",
      "instances": [
        {
          "schema_version": 1,
          "attributes": {
            "api": [
              {
                "known_client_applications": [],
                "mapped_claims_enabled": false,
                "oauth2_permission_scope": [],
                "requested_access_token_version": 1
              }
            ],
            "app_role": [],
            "app_role_ids": {},
            "application_id": "05920df4-88c5-41ff-ac07-99e58ddeac8f",
            "device_only_auth_enabled": false,
            "disabled_by_microsoft": "\u003cnil\u003e",
            "display_name": "rvr_application",
            "fallback_public_client_enabled": false,
            "feature_tags": [
              {
                "custom_single_sign_on": false,
                "enterprise": false,
                "gallery": false,
                "hide": false
              }
            ],
            "group_membership_claims": [],
            "id": "7f155b0f-a21d-4ffa-a26d-6d530ade26ec",
            "identifier_uris": [],
            "logo_image": "",
            "logo_url": "",
            "marketing_url": "",
            "oauth2_permission_scope_ids": {},
            "oauth2_post_response_required": false,
            "object_id": "7f155b0f-a21d-4ffa-a26d-6d530ade26ec",
            "optional_claims": [
              {
                "access_token": [],
                "id_token": [],
                "saml2_token": []
              }
            ],
            "owners": [
              "b27d4aa5-7082-490c-9146-367e82036aaa"
            ],
            "prevent_duplicate_names": false,
            "privacy_statement_url": "",
            "public_client": [
              {
                "redirect_uris": []
              }
            ],
            "publisher_domain": "rvrazad.onmicrosoft.com",
            "required_resource_access": [],
            "sign_in_audience": "AzureADMyOrg",
            "single_page_application": [
              {
                "redirect_uris": []
              }
            ],
            "support_url": "",
            "tags": [],
            "template_id": "",
            "terms_of_service_url": "",
            "timeouts": null,
            "web": [
              {
                "homepage_url": "",
                "implicit_grant": [
                  {
                    "access_token_issuance_enabled": false,
                    "id_token_issuance_enabled": false
                  }
                ],
                "logout_url": "",
                "redirect_uris": []
              }
            ]
          },
          "sensitive_attributes": [],
          "private": "eyJlMmJmYjczMC1lY2FhLTExZTYtOGY4OC0zNDM2M2JjN2M0YzAiOnsiY3JlYXRlIjo2MDAwMDAwMDAwMDAsImRlbGV0ZSI6MzAwMDAwMDAwMDAwLCJyZWFkIjozMDAwMDAwMDAwMDAsInVwZGF0ZSI6NjAwMDAwMDAwMDAwfSwic2NoZW1hX3ZlcnNpb24iOiIxIn0=",
          "dependencies": [
            "module.service_principal.data.azuread_client_config.current"
          ]
        }
      ]
    },
    {
      "module": "module.service_principal",
      "mode": "managed",
      "type": "azuread_service_principal",
      "name": "example",
      "provider": "provider[\"registry.terraform.io/hashicorp/azuread\"]",
      "instances": [
        {
          "schema_version": 0,
          "attributes": {
            "account_enabled": true,
            "alternative_names": [],
            "app_role_assignment_required": false,
            "app_role_ids": {},
            "app_roles": [],
            "application_id": "05920df4-88c5-41ff-ac07-99e58ddeac8f",
            "application_tenant_id": "83ebf573-f6a0-4a5a-a14e-323ba97ec356",
            "description": "",
            "display_name": "rvr_application",
            "feature_tags": [
              {
                "custom_single_sign_on": false,
                "enterprise": false,
                "gallery": false,
                "hide": false
              }
            ],
            "features": [
              {
                "custom_single_sign_on_app": false,
                "enterprise_application": false,
                "gallery_application": false,
                "visible_to_users": true
              }
            ],
            "homepage_url": "",
            "id": "5fac68ad-ee7a-4095-908b-cbcb61227698",
            "login_url": "",
            "logout_url": "",
            "notes": "",
            "notification_email_addresses": [],
            "oauth2_permission_scope_ids": {},
            "oauth2_permission_scopes": [],
            "object_id": "5fac68ad-ee7a-4095-908b-cbcb61227698",
            "owners": [
              "b27d4aa5-7082-490c-9146-367e82036aaa"
            ],
            "preferred_single_sign_on_mode": "",
            "redirect_uris": [],
            "saml_metadata_url": "",
            "saml_single_sign_on": [
              {
                "relay_state": ""
              }
            ],
            "service_principal_names": [],
            "sign_in_audience": "AzureADMyOrg",
            "tags": [],
            "timeouts": null,
            "type": "Application",
            "use_existing": null
          },
          "sensitive_attributes": [],
          "private": "eyJlMmJmYjczMC1lY2FhLTExZTYtOGY4OC0zNDM2M2JjN2M0YzAiOnsiY3JlYXRlIjo2MDAwMDAwMDAwMDAsImRlbGV0ZSI6MzAwMDAwMDAwMDAwLCJyZWFkIjozMDAwMDAwMDAwMDAsInVwZGF0ZSI6NjAwMDAwMDAwMDAwfX0=",
          "dependencies": [
            "module.service_principal.azuread_application.application",
            "module.service_principal.data.azuread_client_config.current"
          ]
        }
      ]
    },
    {
      "module": "module.service_principal",
      "mode": "managed",
      "type": "azuread_service_principal_password",
      "name": "myfirstprincipalpassword",
      "provider": "provider[\"registry.terraform.io/hashicorp/azuread\"]",
      "instances": [
        {
          "schema_version": 1,
          "attributes": {
            "display_name": null,
            "end_date": "2024-04-14T18:37:52Z",
            "end_date_relative": null,
            "id": "5fac68ad-ee7a-4095-908b-cbcb61227698/password/ed608bcc-a892-448d-aa33-11ee0167ece6",
            "key_id": "ed608bcc-a892-448d-aa33-11ee0167ece6",
            "rotate_when_changed": null,
            "service_principal_id": "5fac68ad-ee7a-4095-908b-cbcb61227698",
            "start_date": "2022-04-14T18:37:52Z",
            "timeouts": null,
            "value": "-dP7Q~IpY1aBoa.HF53AHILNRa8E2EtqKoZ~l"
          },
          "sensitive_attributes": [],
          "private": "eyJlMmJmYjczMC1lY2FhLTExZTYtOGY4OC0zNDM2M2JjN2M0YzAiOnsiY3JlYXRlIjozMDAwMDAwMDAwMDAsImRlbGV0ZSI6MzAwMDAwMDAwMDAwLCJyZWFkIjozMDAwMDAwMDAwMDAsInVwZGF0ZSI6MzAwMDAwMDAwMDAwfSwic2NoZW1hX3ZlcnNpb24iOiIxIn0=",
          "dependencies": [
            "module.service_principal.azuread_application.application",
            "module.service_principal.azuread_service_principal.example",
            "module.service_principal.data.azuread_client_config.current"
          ]
        }
      ]
    }
  ]
}
